
Microsoft Visual Studio Solution File, Format Version 12.00
# Visual Studio 15
VisualStudioVersion = 15.0.27703.2042
MinimumVisualStudioVersion = 10.0.40219.1
Project("{FAE04EC0-301F-11D3-BF4B-00C04F79EFBC}") = "excrsize2", "excrsize2\excrsize2.csproj", "{BF93BAB5-70ED-4B74-9A55-04DA69FE5F34}"
EndProject
Global
	GlobalSection(SolutionConfigurationPlatforms) = preSolution
		Debug|Any CPU = Debug|Any CPU
		Release|Any CPU = Release|Any CPU
	EndGlobalSection
	GlobalSection(ProjectConfigurationPlatforms) = postSolution
		{BF93BAB5-70ED-4B74-9A55-04DA69FE5F34}.Debug|Any CPU.ActiveCfg = Debug|Any CPU
		{BF93BAB5-70ED-4B74-9A55-04DA69FE5F34}.Debug|Any CPU.Build.0 = Debug|Any CPU
		{BF93BAB5-70ED-4B74-9A55-04DA69FE5F34}.Release|Any CPU.ActiveCfg = Release|Any CPU
		{BF93BAB5-70ED-4B74-9A55-04DA69FE5F34}.Release|Any CPU.Build.0 = Release|Any CPU
	EndGlobalSection
	GlobalSection(SolutionProperties) = preSolution
		HideSolutionNode = FALSE
	EndGlobalSection
	GlobalSection(ExtensibilityGlobals) = postSolution
		SolutionGuid = {B5CBB9A8-E391-4C02-B6CB-2D80BEB2E7E9}
	EndGlobalSection
EndGlobal
